
Microsoft Visual Studio Solution File, Format Version 12.00
# Visual Studio Version 17
VisualStudioVersion = 17.3.32825.248
MinimumVisualStudioVersion = 10.0.40219.1
Project("{8BC9CEB8-8B4A-11D0-8D11-00A0C91BC942}") = "순환", "순환\순환.vcxproj", "{65AB68ED-AFFA-4F68-8724-61D6FAF246F5}"
EndProject
Project("{8BC9CEB8-8B4A-11D0-8D11-00A0C91BC942}") = "과제1", "과제1\과제1.vcxproj", "{CDF7EE3D-D59A-4104-8573-C5B07DB1C8F3}"
EndProject
Project("{8BC9CEB8-8B4A-11D0-8D11-00A0C91BC942}") = "구조체", "구조체\구조체.vcxproj", "{7C06B94F-918D-442C-AE58-FFAA99B5153D}"
EndProject
Project("{8BC9CEB8-8B4A-11D0-8D11-00A0C91BC942}") = "행렬", "행렬\행렬.vcxproj", "{2295F7D7-816E-4820-8873-C67D2BD4D5D9}"
EndProject
Project("{8BC9CEB8-8B4A-11D0-8D11-00A0C91BC942}") = "포인터", "포인터\포인터.vcxproj", "{33F9A42E-044F-444A-B4FE-E0548D2B95D3}"
EndProject
Project("{8BC9CEB8-8B4A-11D0-8D11-00A0C91BC942}") = "동적메모리", "동적메모리\동적메모리.vcxproj", "{CD349B99-46E1-46CA-A92E-777AB27D4823}"
EndProject
Project("{8BC9CEB8-8B4A-11D0-8D11-00A0C91BC942}") = "스택", "스택\스택.vcxproj", "{AF9724B2-44DC-47B6-8A7A-FE5DCB9038F1}"
EndProject
Project("{8BC9CEB8-8B4A-11D0-8D11-00A0C91BC942}") = "큐", "큐\큐.vcxproj", "{64D5B2D9-8C51-4715-9A1D-C1AF3BD792B8}"
EndProject
Project("{8BC9CEB8-8B4A-11D0-8D11-00A0C91BC942}") = "연결리스트", "연결리스트\연결리스트.vcxproj", "{153A0CBF-B48B-4CCA-BE4B-9A41D1A8522F}"
EndProject
Project("{8BC9CEB8-8B4A-11D0-8D11-00A0C91BC942}") = "배열크기", "배열크기\배열크기.vcxproj", "{B0DC570D-BBAB-4BB0-88A0-BAE5DF57A6CD}"
EndProject
Project("{8BC9CEB8-8B4A-11D0-8D11-00A0C91BC942}") = "원형리스트", "원형리스트\원형리스트.vcxproj", "{B09FF8A6-1FD8-4154-9182-F78392B65C8E}"
EndProject
Project("{8BC9CEB8-8B4A-11D0-8D11-00A0C91BC942}") = "이중연결리스트", "이중연결리스트\이중연결리스트.vcxproj", "{5ADEBD3E-3632-45B3-BE78-2B82D0638BD6}"
EndProject
Project("{8BC9CEB8-8B4A-11D0-8D11-00A0C91BC942}") = "이진트리", "이진트리\이진트리.vcxproj", "{0795C9A8-865E-41E8-84A0-57DAC7E32ECE}"
EndProject
Project("{8BC9CEB8-8B4A-11D0-8D11-00A0C91BC942}") = "과제2", "과제2\과제2.vcxproj", "{685DBC65-EF25-49DC-B504-BE6EE368B48F}"
EndProject
Project("{8BC9CEB8-8B4A-11D0-8D11-00A0C91BC942}") = "이진탐색트리", "이진탐색트리\이진탐색트리.vcxproj", "{82222E66-95BB-4CD8-B75E-507C6F05B33C}"
EndProject
Project("{8BC9CEB8-8B4A-11D0-8D11-00A0C91BC942}") = "히프", "히프\히프.vcxproj", "{416D3453-95F8-4EC4-86EC-547BB25D22A9}"
EndProject
Project("{8BC9CEB8-8B4A-11D0-8D11-00A0C91BC942}") = "연결리스트_시험", "연결리스트_시험\연결리스트_시험.vcxproj", "{C7066B0A-9729-4EC5-8A06-36D69148F806}"
EndProject
Project("{8BC9CEB8-8B4A-11D0-8D11-00A0C91BC942}") = "머신스케쥴링", "머신스케쥴링\머신스케쥴링.vcxproj", "{D9606E1E-8E9F-436D-9920-64094FDFCF8C}"
EndProject
Global
	GlobalSection(SolutionConfigurationPlatforms) = preSolution
		Debug|x64 = Debug|x64
		Debug|x86 = Debug|x86
		Release|x64 = Release|x64
		Release|x86 = Release|x86
	EndGlobalSection
	GlobalSection(ProjectConfigurationPlatforms) = postSolution
		{65AB68ED-AFFA-4F68-8724-61D6FAF246F5}.Debug|x64.ActiveCfg = Debug|x64
		{65AB68ED-AFFA-4F68-8724-61D6FAF246F5}.Debug|x64.Build.0 = Debug|x64
		{65AB68ED-AFFA-4F68-8724-61D6FAF246F5}.Debug|x86.ActiveCfg = Debug|Win32
		{65AB68ED-AFFA-4F68-8724-61D6FAF246F5}.Debug|x86.Build.0 = Debug|Win32
		{65AB68ED-AFFA-4F68-8724-61D6FAF246F5}.Release|x64.ActiveCfg = Release|x64
		{65AB68ED-AFFA-4F68-8724-61D6FAF246F5}.Release|x64.Build.0 = Release|x64
		{65AB68ED-AFFA-4F68-8724-61D6FAF246F5}.Release|x86.ActiveCfg = Release|Win32
		{65AB68ED-AFFA-4F68-8724-61D6FAF246F5}.Release|x86.Build.0 = Release|Win32
		{CDF7EE3D-D59A-4104-8573-C5B07DB1C8F3}.Debug|x64.ActiveCfg = Debug|x64
		{CDF7EE3D-D59A-4104-8573-C5B07DB1C8F3}.Debug|x64.Build.0 = Debug|x64
		{CDF7EE3D-D59A-4104-8573-C5B07DB1C8F3}.Debug|x86.ActiveCfg = Debug|Win32
		{CDF7EE3D-D59A-4104-8573-C5B07DB1C8F3}.Debug|x86.Build.0 = Debug|Win32
		{CDF7EE3D-D59A-4104-8573-C5B07DB1C8F3}.Release|x64.ActiveCfg = Release|x64
		{CDF7EE3D-D59A-4104-8573-C5B07DB1C8F3}.Release|x64.Build.0 = Release|x64
		{CDF7EE3D-D59A-4104-8573-C5B07DB1C8F3}.Release|x86.ActiveCfg = Release|Win32
		{CDF7EE3D-D59A-4104-8573-C5B07DB1C8F3}.Release|x86.Build.0 = Release|Win32
		{7C06B94F-918D-442C-AE58-FFAA99B5153D}.Debug|x64.ActiveCfg = Debug|x64
		{7C06B94F-918D-442C-AE58-FFAA99B5153D}.Debug|x64.Build.0 = Debug|x64
		{7C06B94F-918D-442C-AE58-FFAA99B5153D}.Debug|x86.ActiveCfg = Debug|Win32
		{7C06B94F-918D-442C-AE58-FFAA99B5153D}.Debug|x86.Build.0 = Debug|Win32
		{7C06B94F-918D-442C-AE58-FFAA99B5153D}.Release|x64.ActiveCfg = Release|x64
		{7C06B94F-918D-442C-AE58-FFAA99B5153D}.Release|x64.Build.0 = Release|x64
		{7C06B94F-918D-442C-AE58-FFAA99B5153D}.Release|x86.ActiveCfg = Release|Win32
		{7C06B94F-918D-442C-AE58-FFAA99B5153D}.Release|x86.Build.0 = Release|Win32
		{2295F7D7-816E-4820-8873-C67D2BD4D5D9}.Debug|x64.ActiveCfg = Debug|x64
		{2295F7D7-816E-4820-8873-C67D2BD4D5D9}.Debug|x64.Build.0 = Debug|x64
		{2295F7D7-816E-4820-8873-C67D2BD4D5D9}.Debug|x86.ActiveCfg = Debug|Win32
		{2295F7D7-816E-4820-8873-C67D2BD4D5D9}.Debug|x86.Build.0 = Debug|Win32
		{2295F7D7-816E-4820-8873-C67D2BD4D5D9}.Release|x64.ActiveCfg = Release|x64
		{2295F7D7-816E-4820-8873-C67D2BD4D5D9}.Release|x64.Build.0 = Release|x64
		{2295F7D7-816E-4820-8873-C67D2BD4D5D9}.Release|x86.ActiveCfg = Release|Win32
		{2295F7D7-816E-4820-8873-C67D2BD4D5D9}.Release|x86.Build.0 = Release|Win32
		{33F9A42E-044F-444A-B4FE-E0548D2B95D3}.Debug|x64.ActiveCfg = Debug|x64
		{33F9A42E-044F-444A-B4FE-E0548D2B95D3}.Debug|x64.Build.0 = Debug|x64
		{33F9A42E-044F-444A-B4FE-E0548D2B95D3}.Debug|x86.ActiveCfg = Debug|Win32
		{33F9A42E-044F-444A-B4FE-E0548D2B95D3}.Debug|x86.Build.0 = Debug|Win32
		{33F9A42E-044F-444A-B4FE-E0548D2B95D3}.Release|x64.ActiveCfg = Release|x64
		{33F9A42E-044F-444A-B4FE-E0548D2B95D3}.Release|x64.Build.0 = Release|x64
		{33F9A42E-044F-444A-B4FE-E0548D2B95D3}.Release|x86.ActiveCfg = Release|Win32
		{33F9A42E-044F-444A-B4FE-E0548D2B95D3}.Release|x86.Build.0 = Release|Win32
		{CD349B99-46E1-46CA-A92E-777AB27D4823}.Debug|x64.ActiveCfg = Debug|x64
		{CD349B99-46E1-46CA-A92E-777AB27D4823}.Debug|x64.Build.0 = Debug|x64
		{CD349B99-46E1-46CA-A92E-777AB27D4823}.Debug|x86.ActiveCfg = Debug|Win32
		{CD349B99-46E1-46CA-A92E-777AB27D4823}.Debug|x86.Build.0 = Debug|Win32
		{CD349B99-46E1-46CA-A92E-777AB27D4823}.Release|x64.ActiveCfg = Release|x64
		{CD349B99-46E1-46CA-A92E-777AB27D4823}.Release|x64.Build.0 = Release|x64
		{CD349B99-46E1-46CA-A92E-777AB27D4823}.Release|x86.ActiveCfg = Release|Win32
		{CD349B99-46E1-46CA-A92E-777AB27D4823}.Release|x86.Build.0 = Release|Win32
		{AF9724B2-44DC-47B6-8A7A-FE5DCB9038F1}.Debug|x64.ActiveCfg = Debug|x64
		{AF9724B2-44DC-47B6-8A7A-FE5DCB9038F1}.Debug|x64.Build.0 = Debug|x64
		{AF9724B2-44DC-47B6-8A7A-FE5DCB9038F1}.Debug|x86.ActiveCfg = Debug|Win32
		{AF9724B2-44DC-47B6-8A7A-FE5DCB9038F1}.Debug|x86.Build.0 = Debug|Win32
		{AF9724B2-44DC-47B6-8A7A-FE5DCB9038F1}.Release|x64.ActiveCfg = Release|x64
		{AF9724B2-44DC-47B6-8A7A-FE5DCB9038F1}.Release|x64.Build.0 = Release|x64
		{AF9724B2-44DC-47B6-8A7A-FE5DCB9038F1}.Release|x86.ActiveCfg = Release|Win32
		{AF9724B2-44DC-47B6-8A7A-FE5DCB9038F1}.Release|x86.Build.0 = Release|Win32
		{64D5B2D9-8C51-4715-9A1D-C1AF3BD792B8}.Debug|x64.ActiveCfg = Debug|x64
		{64D5B2D9-8C51-4715-9A1D-C1AF3BD792B8}.Debug|x64.Build.0 = Debug|x64
		{64D5B2D9-8C51-4715-9A1D-C1AF3BD792B8}.Debug|x86.ActiveCfg = Debug|Win32
		{64D5B2D9-8C51-4715-9A1D-C1AF3BD792B8}.Debug|x86.Build.0 = Debug|Win32
		{64D5B2D9-8C51-4715-9A1D-C1AF3BD792B8}.Release|x64.ActiveCfg = Release|x64
		{64D5B2D9-8C51-4715-9A1D-C1AF3BD792B8}.Release|x64.Build.0 = Release|x64
		{64D5B2D9-8C51-4715-9A1D-C1AF3BD792B8}.Release|x86.ActiveCfg = Release|Win32
		{64D5B2D9-8C51-4715-9A1D-C1AF3BD792B8}.Release|x86.Build.0 = Release|Win32
		{153A0CBF-B48B-4CCA-BE4B-9A41D1A8522F}.Debug|x64.ActiveCfg = Debug|x64
		{153A0CBF-B48B-4CCA-BE4B-9A41D1A8522F}.Debug|x64.Build.0 = Debug|x64
		{153A0CBF-B48B-4CCA-BE4B-9A41D1A8522F}.Debug|x86.ActiveCfg = Debug|Win32
		{153A0CBF-B48B-4CCA-BE4B-9A41D1A8522F}.Debug|x86.Build.0 = Debug|Win32
		{153A0CBF-B48B-4CCA-BE4B-9A41D1A8522F}.Release|x64.ActiveCfg = Release|x64
		{153A0CBF-B48B-4CCA-BE4B-9A41D1A8522F}.Release|x64.Build.0 = Release|x64
		{153A0CBF-B48B-4CCA-BE4B-9A41D1A8522F}.Release|x86.ActiveCfg = Release|Win32
		{153A0CBF-B48B-4CCA-BE4B-9A41D1A8522F}.Release|x86.Build.0 = Release|Win32
		{B0DC570D-BBAB-4BB0-88A0-BAE5DF57A6CD}.Debug|x64.ActiveCfg = Debug|x64
		{B0DC570D-BBAB-4BB0-88A0-BAE5DF57A6CD}.Debug|x64.Build.0 = Debug|x64
		{B0DC570D-BBAB-4BB0-88A0-BAE5DF57A6CD}.Debug|x86.ActiveCfg = Debug|Win32
		{B0DC570D-BBAB-4BB0-88A0-BAE5DF57A6CD}.Debug|x86.Build.0 = Debug|Win32
		{B0DC570D-BBAB-4BB0-88A0-BAE5DF57A6CD}.Release|x64.ActiveCfg = Release|x64
		{B0DC570D-BBAB-4BB0-88A0-BAE5DF57A6CD}.Release|x64.Build.0 = Release|x64
		{B0DC570D-BBAB-4BB0-88A0-BAE5DF57A6CD}.Release|x86.ActiveCfg = Release|Win32
		{B0DC570D-BBAB-4BB0-88A0-BAE5DF57A6CD}.Release|x86.Build.0 = Release|Win32
		{B09FF8A6-1FD8-4154-9182-F78392B65C8E}.Debug|x64.ActiveCfg = Debug|x64
		{B09FF8A6-1FD8-4154-9182-F78392B65C8E}.Debug|x64.Build.0 = Debug|x64
		{B09FF8A6-1FD8-4154-9182-F78392B65C8E}.Debug|x86.ActiveCfg = Debug|Win32
		{B09FF8A6-1FD8-4154-9182-F78392B65C8E}.Debug|x86.Build.0 = Debug|Win32
		{B09FF8A6-1FD8-4154-9182-F78392B65C8E}.Release|x64.ActiveCfg = Release|x64
		{B09FF8A6-1FD8-4154-9182-F78392B65C8E}.Release|x64.Build.0 = Release|x64
		{B09FF8A6-1FD8-4154-9182-F78392B65C8E}.Release|x86.ActiveCfg = Release|Win32
		{B09FF8A6-1FD8-4154-9182-F78392B65C8E}.Release|x86.Build.0 = Release|Win32
		{5ADEBD3E-3632-45B3-BE78-2B82D0638BD6}.Debug|x64.ActiveCfg = Debug|x64
		{5ADEBD3E-3632-45B3-BE78-2B82D0638BD6}.Debug|x64.Build.0 = Debug|x64
		{5ADEBD3E-3632-45B3-BE78-2B82D0638BD6}.Debug|x86.ActiveCfg = Debug|Win32
		{5ADEBD3E-3632-45B3-BE78-2B82D0638BD6}.Debug|x86.Build.0 = Debug|Win32
		{5ADEBD3E-3632-45B3-BE78-2B82D0638BD6}.Release|x64.ActiveCfg = Release|x64
		{5ADEBD3E-3632-45B3-BE78-2B82D0638BD6}.Release|x64.Build.0 = Release|x64
		{5ADEBD3E-3632-45B3-BE78-2B82D0638BD6}.Release|x86.ActiveCfg = Release|Win32
		{5ADEBD3E-3632-45B3-BE78-2B82D0638BD6}.Release|x86.Build.0 = Release|Win32
		{0795C9A8-865E-41E8-84A0-57DAC7E32ECE}.Debug|x64.ActiveCfg = Debug|x64
		{0795C9A8-865E-41E8-84A0-57DAC7E32ECE}.Debug|x64.Build.0 = Debug|x64
		{0795C9A8-865E-41E8-84A0-57DAC7E32ECE}.Debug|x86.ActiveCfg = Debug|Win32
		{0795C9A8-865E-41E8-84A0-57DAC7E32ECE}.Debug|x86.Build.0 = Debug|Win32
		{0795C9A8-865E-41E8-84A0-57DAC7E32ECE}.Release|x64.ActiveCfg = Release|x64
		{0795C9A8-865E-41E8-84A0-57DAC7E32ECE}.Release|x64.Build.0 = Release|x64
		{0795C9A8-865E-41E8-84A0-57DAC7E32ECE}.Release|x86.ActiveCfg = Release|Win32
		{0795C9A8-865E-41E8-84A0-57DAC7E32ECE}.Release|x86.Build.0 = Release|Win32
		{685DBC65-EF25-49DC-B504-BE6EE368B48F}.Debug|x64.ActiveCfg = Debug|x64
		{685DBC65-EF25-49DC-B504-BE6EE368B48F}.Debug|x64.Build.0 = Debug|x64
		{685DBC65-EF25-49DC-B504-BE6EE368B48F}.Debug|x86.ActiveCfg = Debug|Win32
		{685DBC65-EF25-49DC-B504-BE6EE368B48F}.Debug|x86.Build.0 = Debug|Win32
		{685DBC65-EF25-49DC-B504-BE6EE368B48F}.Release|x64.ActiveCfg = Release|x64
		{685DBC65-EF25-49DC-B504-BE6EE368B48F}.Release|x64.Build.0 = Release|x64
		{685DBC65-EF25-49DC-B504-BE6EE368B48F}.Release|x86.ActiveCfg = Release|Win32
		{685DBC65-EF25-49DC-B504-BE6EE368B48F}.Release|x86.Build.0 = Release|Win32
		{82222E66-95BB-4CD8-B75E-507C6F05B33C}.Debug|x64.ActiveCfg = Debug|x64
		{82222E66-95BB-4CD8-B75E-507C6F05B33C}.Debug|x64.Build.0 = Debug|x64
		{82222E66-95BB-4CD8-B75E-507C6F05B33C}.Debug|x86.ActiveCfg = Debug|Win32
		{82222E66-95BB-4CD8-B75E-507C6F05B33C}.Debug|x86.Build.0 = Debug|Win32
		{82222E66-95BB-4CD8-B75E-507C6F05B33C}.Release|x64.ActiveCfg = Release|x64
		{82222E66-95BB-4CD8-B75E-507C6F05B33C}.Release|x64.Build.0 = Release|x64
		{82222E66-95BB-4CD8-B75E-507C6F05B33C}.Release|x86.ActiveCfg = Release|Win32
		{82222E66-95BB-4CD8-B75E-507C6F05B33C}.Release|x86.Build.0 = Release|Win32
		{416D3453-95F8-4EC4-86EC-547BB25D22A9}.Debug|x64.ActiveCfg = Debug|x64
		{416D3453-95F8-4EC4-86EC-547BB25D22A9}.Debug|x64.Build.0 = Debug|x64
		{416D3453-95F8-4EC4-86EC-547BB25D22A9}.Debug|x86.ActiveCfg = Debug|Win32
		{416D3453-95F8-4EC4-86EC-547BB25D22A9}.Debug|x86.Build.0 = Debug|Win32
		{416D3453-95F8-4EC4-86EC-547BB25D22A9}.Release|x64.ActiveCfg = Release|x64
		{416D3453-95F8-4EC4-86EC-547BB25D22A9}.Release|x64.Build.0 = Release|x64
		{416D3453-95F8-4EC4-86EC-547BB25D22A9}.Release|x86.ActiveCfg = Release|Win32
		{416D3453-95F8-4EC4-86EC-547BB25D22A9}.Release|x86.Build.0 = Release|Win32
		{C7066B0A-9729-4EC5-8A06-36D69148F806}.Debug|x64.ActiveCfg = Debug|x64
		{C7066B0A-9729-4EC5-8A06-36D69148F806}.Debug|x64.Build.0 = Debug|x64
		{C7066B0A-9729-4EC5-8A06-36D69148F806}.Debug|x86.ActiveCfg = Debug|Win32
		{C7066B0A-9729-4EC5-8A06-36D69148F806}.Debug|x86.Build.0 = Debug|Win32
		{C7066B0A-9729-4EC5-8A06-36D69148F806}.Release|x64.ActiveCfg = Release|x64
		{C7066B0A-9729-4EC5-8A06-36D69148F806}.Release|x64.Build.0 = Release|x64
		{C7066B0A-9729-4EC5-8A06-36D69148F806}.Release|x86.ActiveCfg = Release|Win32
		{C7066B0A-9729-4EC5-8A06-36D69148F806}.Release|x86.Build.0 = Release|Win32
		{D9606E1E-8E9F-436D-9920-64094FDFCF8C}.Debug|x64.ActiveCfg = Debug|x64
		{D9606E1E-8E9F-436D-9920-64094FDFCF8C}.Debug|x64.Build.0 = Debug|x64
		{D9606E1E-8E9F-436D-9920-64094FDFCF8C}.Debug|x86.ActiveCfg = Debug|Win32
		{D9606E1E-8E9F-436D-9920-64094FDFCF8C}.Debug|x86.Build.0 = Debug|Win32
		{D9606E1E-8E9F-436D-9920-64094FDFCF8C}.Release|x64.ActiveCfg = Release|x64
		{D9606E1E-8E9F-436D-9920-64094FDFCF8C}.Release|x64.Build.0 = Release|x64
		{D9606E1E-8E9F-436D-9920-64094FDFCF8C}.Release|x86.ActiveCfg = Release|Win32
		{D9606E1E-8E9F-436D-9920-64094FDFCF8C}.Release|x86.Build.0 = Release|Win32
	EndGlobalSection
	GlobalSection(SolutionProperties) = preSolution
		HideSolutionNode = FALSE
	EndGlobalSection
	GlobalSection(ExtensibilityGlobals) = postSolution
		SolutionGuid = {FAA5C441-355A-485F-B6F8-DBED1ED95AE6}
	EndGlobalSection
EndGlobal
